
Microsoft Visual Studio Solution File, Format Version 12.00
# Visual Studio 15
VisualStudioVersion = 15.0.26730.12
MinimumVisualStudioVersion = 10.0.40219.1
Project("{9A19103F-16F7-4668-BE54-9A1E7A4F7556}") = "DDev.Tools.Standard", "DDev.Tools.standard\DDev.Tools.Standard.csproj", "{378CA682-533A-4E97-84BD-356F4A033E5B}"
EndProject
Project("{9A19103F-16F7-4668-BE54-9A1E7A4F7556}") = "DDev.Tools.Tests", "DDev.Tools.Tests\DDev.Tools.Tests.csproj", "{D93ED4FF-5EFB-435A-BF17-FA9BE898E14B}"
EndProject
Global
	GlobalSection(SolutionConfigurationPlatforms) = preSolution
		Debug|Any CPU = Debug|Any CPU
		Release|Any CPU = Release|Any CPU
	EndGlobalSection
	GlobalSection(ProjectConfigurationPlatforms) = postSolution
		{378CA682-533A-4E97-84BD-356F4A033E5B}.Debug|Any CPU.ActiveCfg = Debug|Any CPU
		{378CA682-533A-4E97-84BD-356F4A033E5B}.Debug|Any CPU.Build.0 = Debug|Any CPU
		{378CA682-533A-4E97-84BD-356F4A033E5B}.Release|Any CPU.ActiveCfg = Release|Any CPU
		{378CA682-533A-4E97-84BD-356F4A033E5B}.Release|Any CPU.Build.0 = Release|Any CPU
		{D93ED4FF-5EFB-435A-BF17-FA9BE898E14B}.Debug|Any CPU.ActiveCfg = Debug|Any CPU
		{D93ED4FF-5EFB-435A-BF17-FA9BE898E14B}.Debug|Any CPU.Build.0 = Debug|Any CPU
		{D93ED4FF-5EFB-435A-BF17-FA9BE898E14B}.Release|Any CPU.ActiveCfg = Release|Any CPU
		{D93ED4FF-5EFB-435A-BF17-FA9BE898E14B}.Release|Any CPU.Build.0 = Release|Any CPU
	EndGlobalSection
	GlobalSection(SolutionProperties) = preSolution
		HideSolutionNode = FALSE
	EndGlobalSection
	GlobalSection(ExtensibilityGlobals) = postSolution
		SolutionGuid = {2AF090C8-8287-4266-901E-605C52245712}
	EndGlobalSection
EndGlobal
